
Microsoft Visual Studio Solution File, Format Version 12.00
# Visual Studio Version 17
VisualStudioVersion = 17.4.33403.182
MinimumVisualStudioVersion = 10.0.40219.1
Project("{FAE04EC0-301F-11D3-BF4B-00C04F79EFBC}") = "extention", "extention\extention.csproj", "{A3056CA3-929F-4D84-ACB1-A1A047759173}"
EndProject
Global
	GlobalSection(SolutionConfigurationPlatforms) = preSolution
		Debug|Any CPU = Debug|Any CPU
		Release|Any CPU = Release|Any CPU
	EndGlobalSection
	GlobalSection(ProjectConfigurationPlatforms) = postSolution
		{A3056CA3-929F-4D84-ACB1-A1A047759173}.Debug|Any CPU.ActiveCfg = Debug|Any CPU
		{A3056CA3-929F-4D84-ACB1-A1A047759173}.Debug|Any CPU.Build.0 = Debug|Any CPU
		{A3056CA3-929F-4D84-ACB1-A1A047759173}.Release|Any CPU.ActiveCfg = Release|Any CPU
		{A3056CA3-929F-4D84-ACB1-A1A047759173}.Release|Any CPU.Build.0 = Release|Any CPU
	EndGlobalSection
	GlobalSection(SolutionProperties) = preSolution
		HideSolutionNode = FALSE
	EndGlobalSection
	GlobalSection(ExtensibilityGlobals) = postSolution
		SolutionGuid = {22785660-1D49-417C-A592-84FC60662C20}
	EndGlobalSection
EndGlobal
